
Microsoft Visual Studio Solution File, Format Version 12.00
# Visual Studio Version 17
VisualStudioVersion = 17.5.33530.505
MinimumVisualStudioVersion = 10.0.40219.1
Project("{FAE04EC0-301F-11D3-BF4B-00C04F79EFBC}") = "CSAHW1", "CSAHW1\CSAHW1.csproj", "{2508EFDC-5EB3-4719-96B8-E3AAF54D5A79}"
EndProject
Global
	GlobalSection(SolutionConfigurationPlatforms) = preSolution
		Debug|Any CPU = Debug|Any CPU
		Release|Any CPU = Release|Any CPU
	EndGlobalSection
	GlobalSection(ProjectConfigurationPlatforms) = postSolution
		{2508EFDC-5EB3-4719-96B8-E3AAF54D5A79}.Debug|Any CPU.ActiveCfg = Debug|Any CPU
		{2508EFDC-5EB3-4719-96B8-E3AAF54D5A79}.Debug|Any CPU.Build.0 = Debug|Any CPU
		{2508EFDC-5EB3-4719-96B8-E3AAF54D5A79}.Release|Any CPU.ActiveCfg = Release|Any CPU
		{2508EFDC-5EB3-4719-96B8-E3AAF54D5A79}.Release|Any CPU.Build.0 = Release|Any CPU
	EndGlobalSection
	GlobalSection(SolutionProperties) = preSolution
		HideSolutionNode = FALSE
	EndGlobalSection
	GlobalSection(ExtensibilityGlobals) = postSolution
		SolutionGuid = {3A7C3E9C-E43F-446F-B38E-1292A8C0A3BB}
	EndGlobalSection
EndGlobal
